
Microsoft Visual Studio Solution File, Format Version 12.00
# Visual Studio Version 17
VisualStudioVersion = 17.8.34525.116
MinimumVisualStudioVersion = 10.0.40219.1
Project("{FAE04EC0-301F-11D3-BF4B-00C04F79EFBC}") = "Demo", "Demo\Demo.csproj", "{EF5EFEF1-C107-4DFA-8AF0-0EF4E3FE30A6}"
EndProject
Project("{FAE04EC0-301F-11D3-BF4B-00C04F79EFBC}") = "RPLidar", "RPLidar\RPLidar.csproj", "{0F750D07-60C3-4D39-9692-5E438639555C}"
EndProject
Global
	GlobalSection(SolutionConfigurationPlatforms) = preSolution
		Debug|Any CPU = Debug|Any CPU
		Release|Any CPU = Release|Any CPU
	EndGlobalSection
	GlobalSection(ProjectConfigurationPlatforms) = postSolution
		{EF5EFEF1-C107-4DFA-8AF0-0EF4E3FE30A6}.Debug|Any CPU.ActiveCfg = Debug|Any CPU
		{EF5EFEF1-C107-4DFA-8AF0-0EF4E3FE30A6}.Debug|Any CPU.Build.0 = Debug|Any CPU
		{EF5EFEF1-C107-4DFA-8AF0-0EF4E3FE30A6}.Release|Any CPU.ActiveCfg = Release|Any CPU
		{EF5EFEF1-C107-4DFA-8AF0-0EF4E3FE30A6}.Release|Any CPU.Build.0 = Release|Any CPU
		{0F750D07-60C3-4D39-9692-5E438639555C}.Debug|Any CPU.ActiveCfg = Debug|Any CPU
		{0F750D07-60C3-4D39-9692-5E438639555C}.Debug|Any CPU.Build.0 = Debug|Any CPU
		{0F750D07-60C3-4D39-9692-5E438639555C}.Release|Any CPU.ActiveCfg = Release|Any CPU
		{0F750D07-60C3-4D39-9692-5E438639555C}.Release|Any CPU.Build.0 = Release|Any CPU
	EndGlobalSection
	GlobalSection(SolutionProperties) = preSolution
		HideSolutionNode = FALSE
	EndGlobalSection
	GlobalSection(ExtensibilityGlobals) = postSolution
		SolutionGuid = {7B21F11E-05E8-4D3B-8885-154E56A39655}
	EndGlobalSection
EndGlobal
